
Microsoft Visual Studio Solution File, Format Version 12.00
# Visual Studio Version 17
VisualStudioVersion = 17.14.36518.9
MinimumVisualStudioVersion = 10.0.40219.1
Project("{FAE04EC0-301F-11D3-BF4B-00C04F79EFBC}") = "OrderManagement.API", "OrderManagement.API\OrderManagement.API.csproj", "{9BE59368-90E6-4805-B6AF-14B92058E186}"
EndProject
Project("{2150E333-8FDC-42A3-9474-1A3956D46DE8}") = "APIs", "APIs", "{02EA681E-C7D8-13C7-8484-4AC65E1B71E8}"
EndProject
Project("{FAE04EC0-301F-11D3-BF4B-00C04F79EFBC}") = "OrderManagement.ReadStore.API", "OrderManagement.ReadStore.API\OrderManagement.ReadStore.API.csproj", "{D2A7DD52-77C8-4776-B235-57695B6F4FBA}"
EndProject
Project("{FAE04EC0-301F-11D3-BF4B-00C04F79EFBC}") = "InventoryPayment.API", "InventoryPayment.API\InventoryPayment.API.csproj", "{5E2FBC3B-3933-4CD5-B9CE-8787EB639E3B}"
EndProject
Project("{FAE04EC0-301F-11D3-BF4B-00C04F79EFBC}") = "Identity.API", "Identity.API\Identity.API.csproj", "{A4925EBA-015B-436C-A9BC-398A3544B899}"
EndProject
Project("{2150E333-8FDC-42A3-9474-1A3956D46DE8}") = "OrderManagment", "OrderManagment", "{8EA2A473-65BD-4BA8-A632-DFA8CE481821}"
EndProject
Project("{FAE04EC0-301F-11D3-BF4B-00C04F79EFBC}") = "OrderManagement.Domain", "OrderManagement.Domain\OrderManagement.Domain.csproj", "{B5A650BF-95F6-4731-9B18-F1051AA69BA3}"
EndProject
Project("{FAE04EC0-301F-11D3-BF4B-00C04F79EFBC}") = "OrderManagement.Application", "OrderManagement.Application\OrderManagement.Application.csproj", "{65A76F05-9981-45FA-A69F-B9AB4BA25520}"
EndProject
Project("{FAE04EC0-301F-11D3-BF4B-00C04F79EFBC}") = "OrderManagement.Infrastructure", "OrderManagement.Infrastructure\OrderManagement.Infrastructure.csproj", "{70908E4C-EE9D-40C9-804C-85DBF3C5CF8F}"
EndProject
Project("{FAE04EC0-301F-11D3-BF4B-00C04F79EFBC}") = "OrderManagement.ReadStore.Infrastructure", "OrderManagement.ReadStore.Infrastructure\OrderManagement.ReadStore.Infrastructure.csproj", "{54B01A4F-3D6F-409A-9D02-009D35477CF8}"
EndProject
Project("{2150E333-8FDC-42A3-9474-1A3956D46DE8}") = "InventoryPayment", "InventoryPayment", "{40869369-7624-4DC7-B8C0-FF9133E9A956}"
EndProject
Project("{FAE04EC0-301F-11D3-BF4B-00C04F79EFBC}") = "InventoryPayment.Domain", "InventoryPayment.Domain\InventoryPayment.Domain.csproj", "{A5E0C715-7589-4297-B08C-75CC75EC27CA}"
EndProject
Project("{FAE04EC0-301F-11D3-BF4B-00C04F79EFBC}") = "InventoryPayment.Application", "InventoryPayment.Application\InventoryPayment.Application.csproj", "{E9C6BC7B-46E1-41E3-8D7B-3D6A4FF94B83}"
EndProject
Project("{FAE04EC0-301F-11D3-BF4B-00C04F79EFBC}") = "InventoryPayment.Infrastructure", "InventoryPayment.Infrastructure\InventoryPayment.Infrastructure.csproj", "{9768BC91-7D0D-4E23-A802-2BC3E507A046}"
EndProject
Project("{2150E333-8FDC-42A3-9474-1A3956D46DE8}") = "Shared", "Shared", "{B15C9023-FB46-4AC5-9045-30E9E5E79EC0}"
EndProject
Project("{FAE04EC0-301F-11D3-BF4B-00C04F79EFBC}") = "Shared.Contracts", "Shared.Contracts\Shared.Contracts.csproj", "{704841C0-01A8-479A-821C-F5A81FB8CC10}"
EndProject
Project("{FAE04EC0-301F-11D3-BF4B-00C04F79EFBC}") = "Shared.Infrastructure", "Shared.Infrastructure\Shared.Infrastructure.csproj", "{24EEB60D-FFF3-41F2-AEF0-D8FED3242D45}"
EndProject
Project("{FAE04EC0-301F-11D3-BF4B-00C04F79EFBC}") = "OrderManagement.Tests.Unit", "OrderManagement.Tests.Unit\OrderManagement.Tests.Unit.csproj", "{30CBAE58-316C-471D-9597-2DAD7C720867}"
EndProject
Project("{FAE04EC0-301F-11D3-BF4B-00C04F79EFBC}") = "OrderManagment.Test.Integration", "OrderManagment.Test.Integration\OrderManagment.Test.Integration.csproj", "{80159C7D-23B1-4DB2-BB68-2F30DF278420}"
EndProject
Global
	GlobalSection(SolutionConfigurationPlatforms) = preSolution
		Debug|Any CPU = Debug|Any CPU
		Release|Any CPU = Release|Any CPU
	EndGlobalSection
	GlobalSection(ProjectConfigurationPlatforms) = postSolution
		{9BE59368-90E6-4805-B6AF-14B92058E186}.Debug|Any CPU.ActiveCfg = Debug|Any CPU
		{9BE59368-90E6-4805-B6AF-14B92058E186}.Debug|Any CPU.Build.0 = Debug|Any CPU
		{9BE59368-90E6-4805-B6AF-14B92058E186}.Release|Any CPU.ActiveCfg = Release|Any CPU
		{9BE59368-90E6-4805-B6AF-14B92058E186}.Release|Any CPU.Build.0 = Release|Any CPU
		{D2A7DD52-77C8-4776-B235-57695B6F4FBA}.Debug|Any CPU.ActiveCfg = Debug|Any CPU
		{D2A7DD52-77C8-4776-B235-57695B6F4FBA}.Debug|Any CPU.Build.0 = Debug|Any CPU
		{D2A7DD52-77C8-4776-B235-57695B6F4FBA}.Release|Any CPU.ActiveCfg = Release|Any CPU
		{D2A7DD52-77C8-4776-B235-57695B6F4FBA}.Release|Any CPU.Build.0 = Release|Any CPU
		{5E2FBC3B-3933-4CD5-B9CE-8787EB639E3B}.Debug|Any CPU.ActiveCfg = Debug|Any CPU
		{5E2FBC3B-3933-4CD5-B9CE-8787EB639E3B}.Debug|Any CPU.Build.0 = Debug|Any CPU
		{5E2FBC3B-3933-4CD5-B9CE-8787EB639E3B}.Release|Any CPU.ActiveCfg = Release|Any CPU
		{5E2FBC3B-3933-4CD5-B9CE-8787EB639E3B}.Release|Any CPU.Build.0 = Release|Any CPU
		{A4925EBA-015B-436C-A9BC-398A3544B899}.Debug|Any CPU.ActiveCfg = Debug|Any CPU
		{A4925EBA-015B-436C-A9BC-398A3544B899}.Debug|Any CPU.Build.0 = Debug|Any CPU
		{A4925EBA-015B-436C-A9BC-398A3544B899}.Release|Any CPU.ActiveCfg = Release|Any CPU
		{A4925EBA-015B-436C-A9BC-398A3544B899}.Release|Any CPU.Build.0 = Release|Any CPU
		{B5A650BF-95F6-4731-9B18-F1051AA69BA3}.Debug|Any CPU.ActiveCfg = Debug|Any CPU
		{B5A650BF-95F6-4731-9B18-F1051AA69BA3}.Debug|Any CPU.Build.0 = Debug|Any CPU
		{B5A650BF-95F6-4731-9B18-F1051AA69BA3}.Release|Any CPU.ActiveCfg = Release|Any CPU
		{B5A650BF-95F6-4731-9B18-F1051AA69BA3}.Release|Any CPU.Build.0 = Release|Any CPU
		{65A76F05-9981-45FA-A69F-B9AB4BA25520}.Debug|Any CPU.ActiveCfg = Debug|Any CPU
		{65A76F05-9981-45FA-A69F-B9AB4BA25520}.Debug|Any CPU.Build.0 = Debug|Any CPU
		{65A76F05-9981-45FA-A69F-B9AB4BA25520}.Release|Any CPU.ActiveCfg = Release|Any CPU
		{65A76F05-9981-45FA-A69F-B9AB4BA25520}.Release|Any CPU.Build.0 = Release|Any CPU
		{70908E4C-EE9D-40C9-804C-85DBF3C5CF8F}.Debug|Any CPU.ActiveCfg = Debug|Any CPU
		{70908E4C-EE9D-40C9-804C-85DBF3C5CF8F}.Debug|Any CPU.Build.0 = Debug|Any CPU
		{70908E4C-EE9D-40C9-804C-85DBF3C5CF8F}.Release|Any CPU.ActiveCfg = Release|Any CPU
		{70908E4C-EE9D-40C9-804C-85DBF3C5CF8F}.Release|Any CPU.Build.0 = Release|Any CPU
		{54B01A4F-3D6F-409A-9D02-009D35477CF8}.Debug|Any CPU.ActiveCfg = Debug|Any CPU
		{54B01A4F-3D6F-409A-9D02-009D35477CF8}.Debug|Any CPU.Build.0 = Debug|Any CPU
		{54B01A4F-3D6F-409A-9D02-009D35477CF8}.Release|Any CPU.ActiveCfg = Release|Any CPU
		{54B01A4F-3D6F-409A-9D02-009D35477CF8}.Release|Any CPU.Build.0 = Release|Any CPU
		{A5E0C715-7589-4297-B08C-75CC75EC27CA}.Debug|Any CPU.ActiveCfg = Debug|Any CPU
		{A5E0C715-7589-4297-B08C-75CC75EC27CA}.Debug|Any CPU.Build.0 = Debug|Any CPU
		{A5E0C715-7589-4297-B08C-75CC75EC27CA}.Release|Any CPU.ActiveCfg = Release|Any CPU
		{A5E0C715-7589-4297-B08C-75CC75EC27CA}.Release|Any CPU.Build.0 = Release|Any CPU
		{E9C6BC7B-46E1-41E3-8D7B-3D6A4FF94B83}.Debug|Any CPU.ActiveCfg = Debug|Any CPU
		{E9C6BC7B-46E1-41E3-8D7B-3D6A4FF94B83}.Debug|Any CPU.Build.0 = Debug|Any CPU
		{E9C6BC7B-46E1-41E3-8D7B-3D6A4FF94B83}.Release|Any CPU.ActiveCfg = Release|Any CPU
		{E9C6BC7B-46E1-41E3-8D7B-3D6A4FF94B83}.Release|Any CPU.Build.0 = Release|Any CPU
		{9768BC91-7D0D-4E23-A802-2BC3E507A046}.Debug|Any CPU.ActiveCfg = Debug|Any CPU
		{9768BC91-7D0D-4E23-A802-2BC3E507A046}.Debug|Any CPU.Build.0 = Debug|Any CPU
		{9768BC91-7D0D-4E23-A802-2BC3E507A046}.Release|Any CPU.ActiveCfg = Release|Any CPU
		{9768BC91-7D0D-4E23-A802-2BC3E507A046}.Release|Any CPU.Build.0 = Release|Any CPU
		{704841C0-01A8-479A-821C-F5A81FB8CC10}.Debug|Any CPU.ActiveCfg = Debug|Any CPU
		{704841C0-01A8-479A-821C-F5A81FB8CC10}.Debug|Any CPU.Build.0 = Debug|Any CPU
		{704841C0-01A8-479A-821C-F5A81FB8CC10}.Release|Any CPU.ActiveCfg = Release|Any CPU
		{704841C0-01A8-479A-821C-F5A81FB8CC10}.Release|Any CPU.Build.0 = Release|Any CPU
		{24EEB60D-FFF3-41F2-AEF0-D8FED3242D45}.Debug|Any CPU.ActiveCfg = Debug|Any CPU
		{24EEB60D-FFF3-41F2-AEF0-D8FED3242D45}.Debug|Any CPU.Build.0 = Debug|Any CPU
		{24EEB60D-FFF3-41F2-AEF0-D8FED3242D45}.Release|Any CPU.ActiveCfg = Release|Any CPU
		{24EEB60D-FFF3-41F2-AEF0-D8FED3242D45}.Release|Any CPU.Build.0 = Release|Any CPU
		{30CBAE58-316C-471D-9597-2DAD7C720867}.Debug|Any CPU.ActiveCfg = Debug|Any CPU
		{30CBAE58-316C-471D-9597-2DAD7C720867}.Debug|Any CPU.Build.0 = Debug|Any CPU
		{30CBAE58-316C-471D-9597-2DAD7C720867}.Release|Any CPU.ActiveCfg = Release|Any CPU
		{30CBAE58-316C-471D-9597-2DAD7C720867}.Release|Any CPU.Build.0 = Release|Any CPU
		{80159C7D-23B1-4DB2-BB68-2F30DF278420}.Debug|Any CPU.ActiveCfg = Debug|Any CPU
		{80159C7D-23B1-4DB2-BB68-2F30DF278420}.Debug|Any CPU.Build.0 = Debug|Any CPU
		{80159C7D-23B1-4DB2-BB68-2F30DF278420}.Release|Any CPU.ActiveCfg = Release|Any CPU
		{80159C7D-23B1-4DB2-BB68-2F30DF278420}.Release|Any CPU.Build.0 = Release|Any CPU
	EndGlobalSection
	GlobalSection(SolutionProperties) = preSolution
		HideSolutionNode = FALSE
	EndGlobalSection
	GlobalSection(NestedProjects) = preSolution
		{9BE59368-90E6-4805-B6AF-14B92058E186} = {02EA681E-C7D8-13C7-8484-4AC65E1B71E8}
		{D2A7DD52-77C8-4776-B235-57695B6F4FBA} = {02EA681E-C7D8-13C7-8484-4AC65E1B71E8}
		{5E2FBC3B-3933-4CD5-B9CE-8787EB639E3B} = {02EA681E-C7D8-13C7-8484-4AC65E1B71E8}
		{A4925EBA-015B-436C-A9BC-398A3544B899} = {02EA681E-C7D8-13C7-8484-4AC65E1B71E8}
		{B5A650BF-95F6-4731-9B18-F1051AA69BA3} = {8EA2A473-65BD-4BA8-A632-DFA8CE481821}
		{65A76F05-9981-45FA-A69F-B9AB4BA25520} = {8EA2A473-65BD-4BA8-A632-DFA8CE481821}
		{70908E4C-EE9D-40C9-804C-85DBF3C5CF8F} = {8EA2A473-65BD-4BA8-A632-DFA8CE481821}
		{54B01A4F-3D6F-409A-9D02-009D35477CF8} = {8EA2A473-65BD-4BA8-A632-DFA8CE481821}
		{A5E0C715-7589-4297-B08C-75CC75EC27CA} = {40869369-7624-4DC7-B8C0-FF9133E9A956}
		{E9C6BC7B-46E1-41E3-8D7B-3D6A4FF94B83} = {40869369-7624-4DC7-B8C0-FF9133E9A956}
		{9768BC91-7D0D-4E23-A802-2BC3E507A046} = {40869369-7624-4DC7-B8C0-FF9133E9A956}
		{704841C0-01A8-479A-821C-F5A81FB8CC10} = {B15C9023-FB46-4AC5-9045-30E9E5E79EC0}
		{24EEB60D-FFF3-41F2-AEF0-D8FED3242D45} = {B15C9023-FB46-4AC5-9045-30E9E5E79EC0}
		{30CBAE58-316C-471D-9597-2DAD7C720867} = {8EA2A473-65BD-4BA8-A632-DFA8CE481821}
		{80159C7D-23B1-4DB2-BB68-2F30DF278420} = {8EA2A473-65BD-4BA8-A632-DFA8CE481821}
	EndGlobalSection
	GlobalSection(ExtensibilityGlobals) = postSolution
		SolutionGuid = {7F5603F4-6F42-4937-8ED8-C1F706E419AA}
	EndGlobalSection
EndGlobal
